
Microsoft Visual Studio Solution File, Format Version 12.00
# Visual Studio Version 17
VisualStudioVersion = 17.0.31903.59
MinimumVisualStudioVersion = 10.0.40219.1
Project("{FAE04EC0-301F-11D3-BF4B-00C04F79EFBC}") = "BethanysPieShopHRM.app", "BethanysPieShopHRM.app\BethanysPieShopHRM.app.csproj", "{D3BF45A3-0260-48E9-A3C4-3699AFB1C9AF}"
EndProject
Project("{FAE04EC0-301F-11D3-BF4B-00C04F79EFBC}") = "BethanysPieShopHRM.Shared", "BethanysPieShopHRM.Shared\BethanysPieShopHRM.Shared.csproj", "{C22D3011-8C1F-4F19-BD3F-1E4D55FD4149}"
EndProject
Project("{9A19103F-16F7-4668-BE54-9A1E7A4F7556}") = "BethanysPieShopHRM.Api", "BethanysPieShopHRM.Api\BethanysPieShopHRM.Api.csproj", "{27B8C703-74EF-4A16-A1DB-1A083B4AFDBC}"
EndProject
Global
	GlobalSection(SolutionConfigurationPlatforms) = preSolution
		Debug|Any CPU = Debug|Any CPU
		Release|Any CPU = Release|Any CPU
	EndGlobalSection
	GlobalSection(ProjectConfigurationPlatforms) = postSolution
		{D3BF45A3-0260-48E9-A3C4-3699AFB1C9AF}.Debug|Any CPU.ActiveCfg = Debug|Any CPU
		{D3BF45A3-0260-48E9-A3C4-3699AFB1C9AF}.Debug|Any CPU.Build.0 = Debug|Any CPU
		{D3BF45A3-0260-48E9-A3C4-3699AFB1C9AF}.Release|Any CPU.ActiveCfg = Release|Any CPU
		{D3BF45A3-0260-48E9-A3C4-3699AFB1C9AF}.Release|Any CPU.Build.0 = Release|Any CPU
		{C22D3011-8C1F-4F19-BD3F-1E4D55FD4149}.Debug|Any CPU.ActiveCfg = Debug|Any CPU
		{C22D3011-8C1F-4F19-BD3F-1E4D55FD4149}.Debug|Any CPU.Build.0 = Debug|Any CPU
		{C22D3011-8C1F-4F19-BD3F-1E4D55FD4149}.Release|Any CPU.ActiveCfg = Release|Any CPU
		{C22D3011-8C1F-4F19-BD3F-1E4D55FD4149}.Release|Any CPU.Build.0 = Release|Any CPU
		{27B8C703-74EF-4A16-A1DB-1A083B4AFDBC}.Debug|Any CPU.ActiveCfg = Debug|Any CPU
		{27B8C703-74EF-4A16-A1DB-1A083B4AFDBC}.Debug|Any CPU.Build.0 = Debug|Any CPU
		{27B8C703-74EF-4A16-A1DB-1A083B4AFDBC}.Release|Any CPU.ActiveCfg = Release|Any CPU
		{27B8C703-74EF-4A16-A1DB-1A083B4AFDBC}.Release|Any CPU.Build.0 = Release|Any CPU
	EndGlobalSection
	GlobalSection(SolutionProperties) = preSolution
		HideSolutionNode = FALSE
	EndGlobalSection
	GlobalSection(ExtensibilityGlobals) = postSolution
		SolutionGuid = {087DADE9-0E85-4F84-B1C7-0DBD725FD202}
	EndGlobalSection
EndGlobal
